# This file was autogenerated by Stack.
# You should not edit this file by hand.
# For more information, please see the documentation at:
#   https://docs.haskellstack.org/en/stable/lock_files

packages: []
snapshots:
- completed:
    sha256: f19b7679d0a1094c09ac025c8cfbd4bcdfb0f1f991110094f78ce5a8e299cb39
    size: 546437
    url: https://raw.githubusercontent.com/commercialhaskell/stackage-snapshots/master/nightly/2022/11/23.yaml
  original: nightly-2022-11-23
